
Microsoft Visual Studio Solution File, Format Version 12.00
# Visual Studio Version 16
VisualStudioVersion = 16.0.29424.173
MinimumVisualStudioVersion = 10.0.40219.1
Project("{FAE04EC0-301F-11D3-BF4B-00C04F79EFBC}") = "PiCalculator", "PiCalculator\PiCalculator.csproj", "{C529F1D1-951A-44F5-A1ED-40D68894A765}"
EndProject
Global
	GlobalSection(SolutionConfigurationPlatforms) = preSolution
		Debug|Any CPU = Debug|Any CPU
		Release|Any CPU = Release|Any CPU
	EndGlobalSection
	GlobalSection(ProjectConfigurationPlatforms) = postSolution
		{C529F1D1-951A-44F5-A1ED-40D68894A765}.Debug|Any CPU.ActiveCfg = Debug|Any CPU
		{C529F1D1-951A-44F5-A1ED-40D68894A765}.Debug|Any CPU.Build.0 = Debug|Any CPU
		{C529F1D1-951A-44F5-A1ED-40D68894A765}.Release|Any CPU.ActiveCfg = Release|Any CPU
		{C529F1D1-951A-44F5-A1ED-40D68894A765}.Release|Any CPU.Build.0 = Release|Any CPU
	EndGlobalSection
	GlobalSection(SolutionProperties) = preSolution
		HideSolutionNode = FALSE
	EndGlobalSection
	GlobalSection(ExtensibilityGlobals) = postSolution
		SolutionGuid = {D81ADCD7-7FCC-41D6-900A-8521340AE78B}
	EndGlobalSection
EndGlobal
